
Microsoft Visual Studio Solution File, Format Version 12.00
# Visual Studio Version 17
VisualStudioVersion = 17.14.36414.22 d17.14
MinimumVisualStudioVersion = 10.0.40219.1
Project("{FAE04EC0-301F-11D3-BF4B-00C04F79EFBC}") = "BooksToRead", "BooksToRead\BooksToRead.csproj", "{D6FBB5CF-14B2-447E-B67B-B9BB568EB1BF}"
EndProject
Global
	GlobalSection(SolutionConfigurationPlatforms) = preSolution
		Debug|Any CPU = Debug|Any CPU
		Release|Any CPU = Release|Any CPU
	EndGlobalSection
	GlobalSection(ProjectConfigurationPlatforms) = postSolution
		{D6FBB5CF-14B2-447E-B67B-B9BB568EB1BF}.Debug|Any CPU.ActiveCfg = Debug|Any CPU
		{D6FBB5CF-14B2-447E-B67B-B9BB568EB1BF}.Debug|Any CPU.Build.0 = Debug|Any CPU
		{D6FBB5CF-14B2-447E-B67B-B9BB568EB1BF}.Release|Any CPU.ActiveCfg = Release|Any CPU
		{D6FBB5CF-14B2-447E-B67B-B9BB568EB1BF}.Release|Any CPU.Build.0 = Release|Any CPU
	EndGlobalSection
	GlobalSection(SolutionProperties) = preSolution
		HideSolutionNode = FALSE
	EndGlobalSection
	GlobalSection(ExtensibilityGlobals) = postSolution
		SolutionGuid = {8BDD81C9-153A-4CD4-B7EB-3C0C0B37CECB}
	EndGlobalSection
EndGlobal
